{
  "name": "uniswap-v3-loader",
  "version": "1.0.0",
  "lockfileVersion": 3,
  "requires": true,
  "packages": {
    "": {
      "name": "uniswap-v3-loader",
      "version": "1.0.0",
      "license": "MIT",
      "dependencies": {
        "@calp-pro/dex-db": "3.0.1"
      },
      "bin": {
        "uniswap-v3-loader": "src/uniswap-v3-loader"
      }
    },
    "node_modules/@calp-pro/dex-db": {
      "version": "3.0.1",
      "resolved": "https://registry.npmjs.org/@calp-pro/dex-db/-/dex-db-3.0.1.tgz",
      "integrity": "sha512-i+8pFqT6ZipJ70iQ6Lh28j1vvI7Gtl8c2y5N1rQKRj6AGwBZ4a4CrQBy/v+e3kl67X6OtD68g66Bs6oMdH91pA==",
      "license": "MIT"
    }
  }
}
